
Microsoft Visual Studio Solution File, Format Version 12.00
# Visual Studio Version 17
VisualStudioVersion = 17.4.33110.190
MinimumVisualStudioVersion = 10.0.40219.1
Project("{FAE04EC0-301F-11D3-BF4B-00C04F79EFBC}") = "TestWindowsFormsApp", "TestWindowsFormsApp\TestWindowsFormsApp.csproj", "{A701B623-43C2-49F8-9A45-A7D2A5F782D9}"
EndProject
Global
	GlobalSection(SolutionConfigurationPlatforms) = preSolution
		Debug|Any CPU = Debug|Any CPU
		Release|Any CPU = Release|Any CPU
	EndGlobalSection
	GlobalSection(ProjectConfigurationPlatforms) = postSolution
		{A701B623-43C2-49F8-9A45-A7D2A5F782D9}.Debug|Any CPU.ActiveCfg = Debug|Any CPU
		{A701B623-43C2-49F8-9A45-A7D2A5F782D9}.Debug|Any CPU.Build.0 = Debug|Any CPU
		{A701B623-43C2-49F8-9A45-A7D2A5F782D9}.Release|Any CPU.ActiveCfg = Release|Any CPU
		{A701B623-43C2-49F8-9A45-A7D2A5F782D9}.Release|Any CPU.Build.0 = Release|Any CPU
	EndGlobalSection
	GlobalSection(SolutionProperties) = preSolution
		HideSolutionNode = FALSE
	EndGlobalSection
	GlobalSection(ExtensibilityGlobals) = postSolution
		SolutionGuid = {F1374DCB-CD69-4C34-AC4E-521390B65D79}
	EndGlobalSection
EndGlobal
